# THIS IS AN AUTOGENERATED FILE. DO NOT EDIT THIS FILE DIRECTLY.
# yarn lockfile v1


globalkey@^1.0.3:
  version "1.0.5"
  resolved "https://registry.yarnpkg.com/globalkey/-/globalkey-1.0.5.tgz#22a342dd046329ae7959c1924c7d264eb453fc7a"
  integrity sha512-KtgGyQYT3el0s7IgzAqiKDt/TwL3Oxq+SB9laWOuuvRmLxAIgmfC3NskXj5N6AA7TolJohiwbncRbZcv5NvKBQ==
