# THIS IS AN AUTOGENERATED FILE. DO NOT EDIT THIS FILE DIRECTLY.
# yarn lockfile v1


globalkey@^1.0.3:
  version "1.0.7"
  resolved "https://registry.yarnpkg.com/globalkey/-/globalkey-1.0.7.tgz#1dde3b5d6b26c56d510fe3d8a5a5180caac9db92"
  integrity sha512-AHv//ZAWjeRhzK1xq1TTRBa2/JOVnL25UdhN1fnZb9PW6r/xa8y+KUWT42TX3A3k3sGzjBQhc6/+mNevfpaGSA==
