# THIS IS AN AUTOGENERATED FILE. DO NOT EDIT THIS FILE DIRECTLY.
# yarn lockfile v1


globalkey@^1.0.3:
  version "1.0.3"
  resolved "https://registry.yarnpkg.com/globalkey/-/globalkey-1.0.3.tgz#d4a9dcf9d2012935c95a16b68ba51640d5e61105"
  integrity sha512-k45G5OzpZfK5NdZ8GHrNRnbVh4RxTCj++Hz6tU39NPkWaM2XmH+85VQXXsmF94gc98K6VscXXbH5fcwJAd2BSw==
